<?xml version="1.0" encoding="utf-8"?>
<Project ToolsVersion="4.0" xmlns="http://schemas.microsoft.com/developer/msbuild/2003">
  <ItemGroup>
    <Filter Include="Generated Files">
      <UniqueIdentifier>{c91b6933-5e12-4423-89c3-d0fb0a42e165}</UniqueIdentifier>
    </Filter>
    <Filter Include="Source Files">
      <UniqueIdentifier>{19a0caa0-4068-439d-b637-e716c30b4ec7}</UniqueIdentifier>
      <Extensions>cpp;c;edl;def;</Extensions>
    </Filter>
    <Filter Include="Header Files">
      <UniqueIdentifier>{2ebf0f85-b508-4c94-a6e3-bfa84a9a1021}</UniqueIdentifier>
      <Extensions>h;hpp;</Extensions>
    </Filter>
    <Filter Include="Resource Files">
      <UniqueIdentifier>{25207b84-c63e-4e39-95d4-3a2a1ca70f51}</UniqueIdentifier>
      <Extensions>rc;xml;pem;</Extensions>
    </Filter>
    <Filter Include="Header Files\sm3">
      <UniqueIdentifier>{464cb461-a03d-4d76-9ce3-4bf336cc445d}</UniqueIdentifier>
    </Filter>
    <Filter Include="Header Files\sm4">
      <UniqueIdentifier>{78eb5aaf-f708-45db-871e-d620dbedaab3}</UniqueIdentifier>
    </Filter>
    <Filter Include="Source Files\sm3">
      <UniqueIdentifier>{55d64c72-ee43-4959-b5a6-b7dcceb52490}</UniqueIdentifier>
    </Filter>
    <Filter Include="Source Files\sm4">
      <UniqueIdentifier>{14b8bc7b-664b-413a-8e67-95e3f75d4a68}</UniqueIdentifier>
    </Filter>
    <Filter Include="Header Files\sm2">
      <UniqueIdentifier>{0192d03d-8896-4d43-a1b4-f13039c6b515}</UniqueIdentifier>
    </Filter>
    <Filter Include="Source Files\sm2">
      <UniqueIdentifier>{18bfe6d7-e3c2-4949-8d76-a3d6636d9858}</UniqueIdentifier>
    </Filter>
  </ItemGroup>
  <ItemGroup>
    <ClCompile Include="safeIO_t.c">
      <Filter>Generated Files</Filter>
    </ClCompile>
    <ClCompile Include="safeIO.cpp">
      <Filter>Source Files</Filter>
    </ClCompile>
    <ClCompile Include="sm3.cpp">
      <Filter>Source Files\sm3</Filter>
    </ClCompile>
    <ClCompile Include="sm4.cpp">
      <Filter>Source Files\sm4</Filter>
    </ClCompile>
    <ClCompile Include="init_check.cpp">
      <Filter>Source Files</Filter>
    </ClCompile>
    <ClCompile Include="sm2.cpp">
      <Filter>Source Files\sm2</Filter>
    </ClCompile>
  </ItemGroup>
  <ItemGroup>
    <ClInclude Include="safeIO_t.h">
      <Filter>Generated Files</Filter>
    </ClInclude>
    <ClInclude Include="utils.h">
      <Filter>Header Files</Filter>
    </ClInclude>
    <ClInclude Include="romangol.h">
      <Filter>Header Files</Filter>
    </ClInclude>
    <ClInclude Include="sm3.h">
      <Filter>Header Files\sm3</Filter>
    </ClInclude>
    <ClInclude Include="sm4.h">
      <Filter>Header Files\sm4</Filter>
    </ClInclude>
    <ClInclude Include="sm4.hpp">
      <Filter>Header Files\sm4</Filter>
    </ClInclude>
    <ClInclude Include="init_check.h">
      <Filter>Header Files</Filter>
    </ClInclude>
    <ClInclude Include="sm2.h">
      <Filter>Header Files\sm2</Filter>
    </ClInclude>
  </ItemGroup>
  <ItemGroup>
    <None Include="safeIO_private.pem">
      <Filter>Resource Files</Filter>
    </None>
    <None Include="sgx_tsgxssl.edl">
      <Filter>Source Files</Filter>
    </None>
  </ItemGroup>
  <ItemGroup>
    <Xml Include="safeIO.config.xml">
      <Filter>Resource Files</Filter>
    </Xml>
  </ItemGroup>
  <ItemGroup>
    <Text Include="ReadMe.txt" />
  </ItemGroup>
  <ItemGroup>
    <CustomBuild Include="safeIO.edl">
      <Filter>Source Files</Filter>
    </CustomBuild>
  </ItemGroup>
</Project>